
Microsoft Visual Studio Solution File, Format Version 12.00
# Visual Studio Version 17
VisualStudioVersion = 17.9.34701.34
MinimumVisualStudioVersion = 10.0.40219.1
Project("{FAE04EC0-301F-11D3-BF4B-00C04F79EFBC}") = "PatzminiHD.CSLib", "PatzminiHD.CSLib\PatzminiHD.CSLib.csproj", "{02D26401-D291-4E1F-B6FF-B335C1483AFD}"
EndProject
Global
	GlobalSection(SolutionConfigurationPlatforms) = preSolution
		Debug|Any CPU = Debug|Any CPU
		Release|Any CPU = Release|Any CPU
	EndGlobalSection
	GlobalSection(ProjectConfigurationPlatforms) = postSolution
		{02D26401-D291-4E1F-B6FF-B335C1483AFD}.Debug|Any CPU.ActiveCfg = Debug|Any CPU
		{02D26401-D291-4E1F-B6FF-B335C1483AFD}.Debug|Any CPU.Build.0 = Debug|Any CPU
		{02D26401-D291-4E1F-B6FF-B335C1483AFD}.Release|Any CPU.ActiveCfg = Release|Any CPU
		{02D26401-D291-4E1F-B6FF-B335C1483AFD}.Release|Any CPU.Build.0 = Release|Any CPU
	EndGlobalSection
	GlobalSection(SolutionProperties) = preSolution
		HideSolutionNode = FALSE
	EndGlobalSection
	GlobalSection(ExtensibilityGlobals) = postSolution
		SolutionGuid = {60798B85-21D7-4E05-BE24-272CFEEC520D}
	EndGlobalSection
EndGlobal
